
Microsoft Visual Studio Solution File, Format Version 12.00
# Visual Studio Version 17
VisualStudioVersion = 17.4.33213.308
MinimumVisualStudioVersion = 10.0.40219.1
Project("{FAE04EC0-301F-11D3-BF4B-00C04F79EFBC}") = "Deliverable (4)", "Deliverable (4)\Deliverable (4).csproj", "{F461BC65-11A6-4BE2-8482-FCA94DDD1DB6}"
EndProject
Global
	GlobalSection(SolutionConfigurationPlatforms) = preSolution
		Debug|Any CPU = Debug|Any CPU
		Release|Any CPU = Release|Any CPU
	EndGlobalSection
	GlobalSection(ProjectConfigurationPlatforms) = postSolution
		{F461BC65-11A6-4BE2-8482-FCA94DDD1DB6}.Debug|Any CPU.ActiveCfg = Debug|Any CPU
		{F461BC65-11A6-4BE2-8482-FCA94DDD1DB6}.Debug|Any CPU.Build.0 = Debug|Any CPU
		{F461BC65-11A6-4BE2-8482-FCA94DDD1DB6}.Release|Any CPU.ActiveCfg = Release|Any CPU
		{F461BC65-11A6-4BE2-8482-FCA94DDD1DB6}.Release|Any CPU.Build.0 = Release|Any CPU
	EndGlobalSection
	GlobalSection(SolutionProperties) = preSolution
		HideSolutionNode = FALSE
	EndGlobalSection
	GlobalSection(ExtensibilityGlobals) = postSolution
		SolutionGuid = {9281E560-511E-4E5C-99CA-610CAF9FB851}
	EndGlobalSection
EndGlobal
